
Microsoft Visual Studio Solution File, Format Version 12.00
# Visual Studio 2012
Project("{FAE04EC0-301F-11D3-BF4B-00C04F79EFBC}") = "project1", "project1\project1.csproj", "{7C0663A9-C9D9-43F7-9AB5-FB58B42EDEFC}"
EndProject
Global
	GlobalSection(SolutionConfigurationPlatforms) = preSolution
		Debug|x86 = Debug|x86
		Release|x86 = Release|x86
	EndGlobalSection
	GlobalSection(ProjectConfigurationPlatforms) = postSolution
		{7C0663A9-C9D9-43F7-9AB5-FB58B42EDEFC}.Debug|x86.ActiveCfg = Debug|x86
		{7C0663A9-C9D9-43F7-9AB5-FB58B42EDEFC}.Debug|x86.Build.0 = Debug|x86
		{7C0663A9-C9D9-43F7-9AB5-FB58B42EDEFC}.Release|x86.ActiveCfg = Release|x86
		{7C0663A9-C9D9-43F7-9AB5-FB58B42EDEFC}.Release|x86.Build.0 = Release|x86
	EndGlobalSection
EndGlobal
